
Microsoft Visual Studio Solution File, Format Version 12.00
# Visual Studio 15
VisualStudioVersion = 15.0.26730.16
MinimumVisualStudioVersion = 10.0.40219.1
Project("{FAE04EC0-301F-11D3-BF4B-00C04F79EFBC}") = "EduLife", "EduLife\EduLife.csproj", "{63DC8D0E-9C3F-401A-998D-83BE05ABFB67}"
EndProject
Global
	GlobalSection(SolutionConfigurationPlatforms) = preSolution
		Debug|Any CPU = Debug|Any CPU
		Release|Any CPU = Release|Any CPU
	EndGlobalSection
	GlobalSection(ProjectConfigurationPlatforms) = postSolution
		{63DC8D0E-9C3F-401A-998D-83BE05ABFB67}.Debug|Any CPU.ActiveCfg = Debug|Any CPU
		{63DC8D0E-9C3F-401A-998D-83BE05ABFB67}.Debug|Any CPU.Build.0 = Debug|Any CPU
		{63DC8D0E-9C3F-401A-998D-83BE05ABFB67}.Release|Any CPU.ActiveCfg = Release|Any CPU
		{63DC8D0E-9C3F-401A-998D-83BE05ABFB67}.Release|Any CPU.Build.0 = Release|Any CPU
	EndGlobalSection
	GlobalSection(SolutionProperties) = preSolution
		HideSolutionNode = FALSE
	EndGlobalSection
	GlobalSection(ExtensibilityGlobals) = postSolution
		SolutionGuid = {F77794BD-3DD7-49F6-B830-BC89617CEFF4}
	EndGlobalSection
EndGlobal
